
Microsoft Visual Studio Solution File, Format Version 12.00
# Visual Studio Version 16
VisualStudioVersion = 16.0.29409.12
MinimumVisualStudioVersion = 10.0.40219.1
Project("{FAE04EC0-301F-11D3-BF4B-00C04F79EFBC}") = "Homework1 CSHP 220", "Homework1 CSHP 220.csproj", "{A76AACC1-6512-4514-867B-A5FA80B2D48B}"
EndProject
Global
	GlobalSection(SolutionConfigurationPlatforms) = preSolution
		Debug|Any CPU = Debug|Any CPU
		Release|Any CPU = Release|Any CPU
	EndGlobalSection
	GlobalSection(ProjectConfigurationPlatforms) = postSolution
		{A76AACC1-6512-4514-867B-A5FA80B2D48B}.Debug|Any CPU.ActiveCfg = Debug|Any CPU
		{A76AACC1-6512-4514-867B-A5FA80B2D48B}.Debug|Any CPU.Build.0 = Debug|Any CPU
		{A76AACC1-6512-4514-867B-A5FA80B2D48B}.Release|Any CPU.ActiveCfg = Release|Any CPU
		{A76AACC1-6512-4514-867B-A5FA80B2D48B}.Release|Any CPU.Build.0 = Release|Any CPU
	EndGlobalSection
	GlobalSection(SolutionProperties) = preSolution
		HideSolutionNode = FALSE
	EndGlobalSection
	GlobalSection(ExtensibilityGlobals) = postSolution
		SolutionGuid = {EBE6281B-106D-4E32-9215-A6FE77547A85}
	EndGlobalSection
EndGlobal
