
Microsoft Visual Studio Solution File, Format Version 12.00
# Visual Studio Version 16
VisualStudioVersion = 16.0.29409.12
MinimumVisualStudioVersion = 10.0.40219.1
Project("{FAE04EC0-301F-11D3-BF4B-00C04F79EFBC}") = "Homework3 CSHP 220", "Homework3 CSHP 220.csproj", "{D62EDED3-6E84-425E-90ED-55C2455DF6B8}"
EndProject
Global
	GlobalSection(SolutionConfigurationPlatforms) = preSolution
		Debug|Any CPU = Debug|Any CPU
		Release|Any CPU = Release|Any CPU
	EndGlobalSection
	GlobalSection(ProjectConfigurationPlatforms) = postSolution
		{D62EDED3-6E84-425E-90ED-55C2455DF6B8}.Debug|Any CPU.ActiveCfg = Debug|Any CPU
		{D62EDED3-6E84-425E-90ED-55C2455DF6B8}.Debug|Any CPU.Build.0 = Debug|Any CPU
		{D62EDED3-6E84-425E-90ED-55C2455DF6B8}.Release|Any CPU.ActiveCfg = Release|Any CPU
		{D62EDED3-6E84-425E-90ED-55C2455DF6B8}.Release|Any CPU.Build.0 = Release|Any CPU
	EndGlobalSection
	GlobalSection(SolutionProperties) = preSolution
		HideSolutionNode = FALSE
	EndGlobalSection
	GlobalSection(ExtensibilityGlobals) = postSolution
		SolutionGuid = {10D67E80-D00B-48FF-ADAC-AFF9F4CA21BA}
	EndGlobalSection
EndGlobal
